
Microsoft Visual Studio Solution File, Format Version 12.00
# Visual Studio Version 16
VisualStudioVersion = 16.0.30320.27
MinimumVisualStudioVersion = 10.0.40219.1
Project("{9A19103F-16F7-4668-BE54-9A1E7A4F7556}") = "BookListRazor", "BookListRazor\BookListRazor.csproj", "{8F249028-398F-4551-AE9A-952ED76DF71C}"
EndProject
Global
	GlobalSection(SolutionConfigurationPlatforms) = preSolution
		Debug|Any CPU = Debug|Any CPU
		Release|Any CPU = Release|Any CPU
	EndGlobalSection
	GlobalSection(ProjectConfigurationPlatforms) = postSolution
		{8F249028-398F-4551-AE9A-952ED76DF71C}.Debug|Any CPU.ActiveCfg = Debug|Any CPU
		{8F249028-398F-4551-AE9A-952ED76DF71C}.Debug|Any CPU.Build.0 = Debug|Any CPU
		{8F249028-398F-4551-AE9A-952ED76DF71C}.Release|Any CPU.ActiveCfg = Release|Any CPU
		{8F249028-398F-4551-AE9A-952ED76DF71C}.Release|Any CPU.Build.0 = Release|Any CPU
	EndGlobalSection
	GlobalSection(SolutionProperties) = preSolution
		HideSolutionNode = FALSE
	EndGlobalSection
	GlobalSection(ExtensibilityGlobals) = postSolution
		SolutionGuid = {BA0CC6C0-5E5E-46FE-BF26-C7E3FB6DBD34}
	EndGlobalSection
EndGlobal
